// !$*UTF8*$!
{
	archiveVersion = 1;
	classes = {
	};
	objectVersion = 50;
	objects = {

/* Begin PBXBuildFile section */
		1F50288622A2458700D3D77C /* CarsListViewModelTests.swift in Sources */ = {isa = PBXBuildFile; fileRef = 1F50288522A2458700D3D77C /* CarsListViewModelTests.swift */; };
		1F50288B22A272FB00D3D77C /* CarDetailsViewController.swift in Sources */ = {isa = PBXBuildFile; fileRef = 1F50288A22A272FB00D3D77C /* CarDetailsViewController.swift */; };
		1F50288D22A274B500D3D77C /* CarDetailsViewModel.swift in Sources */ = {isa = PBXBuildFile; fileRef = 1F50288C22A274B500D3D77C /* CarDetailsViewModel.swift */; };
		1F50288F22A2761100D3D77C /* CarDetailsModel.swift in Sources */ = {isa = PBXBuildFile; fileRef = 1F50288E22A2761100D3D77C /* CarDetailsModel.swift */; };
		1F50289222A27B1700D3D77C /* Helper.swift in Sources */ = {isa = PBXBuildFile; fileRef = 1F50289122A27B1700D3D77C /* Helper.swift */; };
		1FCCEA6C22A1353A00888E89 /* AppDelegate.swift in Sources */ = {isa = PBXBuildFile; fileRef = 1FCCEA6B22A1353A00888E89 /* AppDelegate.swift */; };
		1FCCEA7122A1353A00888E89 /* Main.storyboard in Resources */ = {isa = PBXBuildFile; fileRef = 1FCCEA6F22A1353A00888E89 /* Main.storyboard */; };
		1FCCEA7322A1353B00888E89 /* Assets.xcassets in Resources */ = {isa = PBXBuildFile; fileRef = 1FCCEA7222A1353B00888E89 /* Assets.xcassets */; };
		1FCCEA7622A1353B00888E89 /* LaunchScreen.storyboard in Resources */ = {isa = PBXBuildFile; fileRef = 1FCCEA7422A1353B00888E89 /* LaunchScreen.storyboard */; };
		1FCCEA8122A1353B00888E89 /* CarsalesTests.swift in Sources */ = {isa = PBXBuildFile; fileRef = 1FCCEA8022A1353B00888E89 /* CarsalesTests.swift */; };
		1FCCEA8F22A1361F00888E89 /* CarsListViewController.swift in Sources */ = {isa = PBXBuildFile; fileRef = 1FCCEA8E22A1361F00888E89 /* CarsListViewController.swift */; };
		1FCCEA9122A1370700888E89 /* Constants.swift in Sources */ = {isa = PBXBuildFile; fileRef = 1FCCEA9022A1370700888E89 /* Constants.swift */; };
		1FCCEA9322A1382D00888E89 /* CarsListViewModel.swift in Sources */ = {isa = PBXBuildFile; fileRef = 1FCCEA9222A1382D00888E89 /* CarsListViewModel.swift */; };
		1FCCEA9622A13FD500888E89 /* APIHandler.swift in Sources */ = {isa = PBXBuildFile; fileRef = 1FCCEA9522A13FD500888E89 /* APIHandler.swift */; };
		1FCCEA9822A1401300888E89 /* CarsListModel.swift in Sources */ = {isa = PBXBuildFile; fileRef = 1FCCEA9722A1401300888E89 /* CarsListModel.swift */; };
		1FCCEA9D22A1418900888E89 /* CarsListCollectionViewCell.swift in Sources */ = {isa = PBXBuildFile; fileRef = 1FCCEA9B22A1418900888E89 /* CarsListCollectionViewCell.swift */; };
		1FCCEA9E22A1418900888E89 /* CarsListCollectionViewCell.xib in Resources */ = {isa = PBXBuildFile; fileRef = 1FCCEA9C22A1418900888E89 /* CarsListCollectionViewCell.xib */; };
		1FCCEAA022A164F800888E89 /* ImageHandler.swift in Sources */ = {isa = PBXBuildFile; fileRef = 1FCCEA9F22A164F800888E89 /* ImageHandler.swift */; };
		92701694774E92BBF5EFAC8D /* Pods_CarsalesTests.framework in Frameworks */ = {isa = PBXBuildFile; fileRef = 029E59B1023FE6D1FF654405 /* Pods_CarsalesTests.framework */; };
		D673BDA587EBC8E8D6538C39 /* Pods_Carsales.framework in Frameworks */ = {isa = PBXBuildFile; fileRef = 385CC8EC703BADC1EA1E3E87 /* Pods_Carsales.framework */; };
/* End PBXBuildFile section */

/* Begin PBXContainerItemProxy section */
		1FCCEA7D22A1353B00888E89 /* PBXContainerItemProxy */ = {
			isa = PBXContainerItemProxy;
			containerPortal = 1FCCEA6022A1353A00888E89 /* Project object */;
			proxyType = 1;
			remoteGlobalIDString = 1FCCEA6722A1353A00888E89;
			remoteInfo = Carsales;
		};
/* End PBXContainerItemProxy section */

/* Begin PBXFileReference section */
		029E59B1023FE6D1FF654405 /* Pods_CarsalesTests.framework */ = {isa = PBXFileReference; explicitFileType = wrapper.framework; includeInIndex = 0; path = Pods_CarsalesTests.framework; sourceTree = BUILT_PRODUCTS_DIR; };
		1F24C7DAB810AE6B55A5AB3B /* Pods-Carsales.debug.xcconfig */ = {isa = PBXFileReference; includeInIndex = 1; lastKnownFileType = text.xcconfig; name = "Pods-Carsales.debug.xcconfig"; path = "Pods/Target Support Files/Pods-Carsales/Pods-Carsales.debug.xcconfig"; sourceTree = "<group>"; };
		1F50288522A2458700D3D77C /* CarsListViewModelTests.swift */ = {isa = PBXFileReference; lastKnownFileType = sourcecode.swift; path = CarsListViewModelTests.swift; sourceTree = "<group>"; };
		1F50288A22A272FB00D3D77C /* CarDetailsViewController.swift */ = {isa = PBXFileReference; lastKnownFileType = sourcecode.swift; path = CarDetailsViewController.swift; sourceTree = "<group>"; };
		1F50288C22A274B500D3D77C /* CarDetailsViewModel.swift */ = {isa = PBXFileReference; lastKnownFileType = sourcecode.swift; path = CarDetailsViewModel.swift; sourceTree = "<group>"; };
		1F50288E22A2761100D3D77C /* CarDetailsModel.swift */ = {isa = PBXFileReference; lastKnownFileType = sourcecode.swift; path = CarDetailsModel.swift; sourceTree = "<group>"; };
		1F50289122A27B1700D3D77C /* Helper.swift */ = {isa = PBXFileReference; lastKnownFileType = sourcecode.swift; path = Helper.swift; sourceTree = "<group>"; };
		1FCCEA6822A1353A00888E89 /* Carsales.app */ = {isa = PBXFileReference; explicitFileType = wrapper.application; includeInIndex = 0; path = Carsales.app; sourceTree = BUILT_PRODUCTS_DIR; };
		1FCCEA6B22A1353A00888E89 /* AppDelegate.swift */ = {isa = PBXFileReference; lastKnownFileType = sourcecode.swift; path = AppDelegate.swift; sourceTree = "<group>"; };
		1FCCEA7022A1353A00888E89 /* Base */ = {isa = PBXFileReference; lastKnownFileType = file.storyboard; name = Base; path = Base.lproj/Main.storyboard; sourceTree = "<group>"; };
		1FCCEA7222A1353B00888E89 /* Assets.xcassets */ = {isa = PBXFileReference; lastKnownFileType = folder.assetcatalog; path = Assets.xcassets; sourceTree = "<group>"; };
		1FCCEA7522A1353B00888E89 /* Base */ = {isa = PBXFileReference; lastKnownFileType = file.storyboard; name = Base; path = Base.lproj/LaunchScreen.storyboard; sourceTree = "<group>"; };
		1FCCEA7722A1353B00888E89 /* Info.plist */ = {isa = PBXFileReference; lastKnownFileType = text.plist.xml; path = Info.plist; sourceTree = "<group>"; };
		1FCCEA7C22A1353B00888E89 /* CarsalesTests.xctest */ = {isa = PBXFileReference; explicitFileType = wrapper.cfbundle; includeInIndex = 0; path = CarsalesTests.xctest; sourceTree = BUILT_PRODUCTS_DIR; };
		1FCCEA8022A1353B00888E89 /* CarsalesTests.swift */ = {isa = PBXFileReference; lastKnownFileType = sourcecode.swift; path = CarsalesTests.swift; sourceTree = "<group>"; };
		1FCCEA8222A1353B00888E89 /* Info.plist */ = {isa = PBXFileReference; lastKnownFileType = text.plist.xml; path = Info.plist; sourceTree = "<group>"; };
		1FCCEA8E22A1361F00888E89 /* CarsListViewController.swift */ = {isa = PBXFileReference; lastKnownFileType = sourcecode.swift; path = CarsListViewController.swift; sourceTree = "<group>"; };
		1FCCEA9022A1370700888E89 /* Constants.swift */ = {isa = PBXFileReference; lastKnownFileType = sourcecode.swift; path = Constants.swift; sourceTree = "<group>"; };
		1FCCEA9222A1382D00888E89 /* CarsListViewModel.swift */ = {isa = PBXFileReference; lastKnownFileType = sourcecode.swift; path = CarsListViewModel.swift; sourceTree = "<group>"; };
		1FCCEA9522A13FD500888E89 /* APIHandler.swift */ = {isa = PBXFileReference; lastKnownFileType = sourcecode.swift; path = APIHandler.swift; sourceTree = "<group>"; };
		1FCCEA9722A1401300888E89 /* CarsListModel.swift */ = {isa = PBXFileReference; lastKnownFileType = sourcecode.swift; path = CarsListModel.swift; sourceTree = "<group>"; };
		1FCCEA9B22A1418900888E89 /* CarsListCollectionViewCell.swift */ = {isa = PBXFileReference; lastKnownFileType = sourcecode.swift; path = CarsListCollectionViewCell.swift; sourceTree = "<group>"; };
		1FCCEA9C22A1418900888E89 /* CarsListCollectionViewCell.xib */ = {isa = PBXFileReference; lastKnownFileType = file.xib; path = CarsListCollectionViewCell.xib; sourceTree = "<group>"; };
		1FCCEA9F22A164F800888E89 /* ImageHandler.swift */ = {isa = PBXFileReference; lastKnownFileType = sourcecode.swift; path = ImageHandler.swift; sourceTree = "<group>"; };
		385CC8EC703BADC1EA1E3E87 /* Pods_Carsales.framework */ = {isa = PBXFileReference; explicitFileType = wrapper.framework; includeInIndex = 0; path = Pods_Carsales.framework; sourceTree = BUILT_PRODUCTS_DIR; };
		7E5BBA4B511FB90AD39DFFCA /* Pods-CarsalesTests.release.xcconfig */ = {isa = PBXFileReference; includeInIndex = 1; lastKnownFileType = text.xcconfig; name = "Pods-CarsalesTests.release.xcconfig"; path = "Pods/Target Support Files/Pods-CarsalesTests/Pods-CarsalesTests.release.xcconfig"; sourceTree = "<group>"; };
		A1E05FB1AB21CF385053299E /* Pods-CarsalesTests.debug.xcconfig */ = {isa = PBXFileReference; includeInIndex = 1; lastKnownFileType = text.xcconfig; name = "Pods-CarsalesTests.debug.xcconfig"; path = "Pods/Target Support Files/Pods-CarsalesTests/Pods-CarsalesTests.debug.xcconfig"; sourceTree = "<group>"; };
		F997A76E3F23F5642D8006BF /* Pods-Carsales.release.xcconfig */ = {isa = PBXFileReference; includeInIndex = 1; lastKnownFileType = text.xcconfig; name = "Pods-Carsales.release.xcconfig"; path = "Pods/Target Support Files/Pods-Carsales/Pods-Carsales.release.xcconfig"; sourceTree = "<group>"; };
/* End PBXFileReference section */

/* Begin PBXFrameworksBuildPhase section */
		1FCCEA6522A1353A00888E89 /* Frameworks */ = {
			isa = PBXFrameworksBuildPhase;
			buildActionMask = 2147483647;
			files = (
				D673BDA587EBC8E8D6538C39 /* Pods_Carsales.framework in Frameworks */,
			);
			runOnlyForDeploymentPostprocessing = 0;
		};
		1FCCEA7922A1353B00888E89 /* Frameworks */ = {
			isa = PBXFrameworksBuildPhase;
			buildActionMask = 2147483647;
			files = (
				92701694774E92BBF5EFAC8D /* Pods_CarsalesTests.framework in Frameworks */,
			);
			runOnlyForDeploymentPostprocessing = 0;
		};
/* End PBXFrameworksBuildPhase section */

/* Begin PBXGroup section */
		015D086A10C758D8CE3BC0E4 /* Frameworks */ = {
			isa = PBXGroup;
			children = (
				385CC8EC703BADC1EA1E3E87 /* Pods_Carsales.framework */,
				029E59B1023FE6D1FF654405 /* Pods_CarsalesTests.framework */,
			);
			name = Frameworks;
			sourceTree = "<group>";
		};
		1F50289022A27AFE00D3D77C /* Helper */ = {
			isa = PBXGroup;
			children = (
				1F50289122A27B1700D3D77C /* Helper.swift */,
			);
			path = Helper;
			sourceTree = "<group>";
		};
		1FCCEA5F22A1353A00888E89 = {
			isa = PBXGroup;
			children = (
				1FCCEA6A22A1353A00888E89 /* Carsales */,
				1FCCEA7F22A1353B00888E89 /* CarsalesTests */,
				1FCCEA6922A1353A00888E89 /* Products */,
				A04C244E6C83021F6A4960BD /* Pods */,
				015D086A10C758D8CE3BC0E4 /* Frameworks */,
			);
			sourceTree = "<group>";
		};
		1FCCEA6922A1353A00888E89 /* Products */ = {
			isa = PBXGroup;
			children = (
				1FCCEA6822A1353A00888E89 /* Carsales.app */,
				1FCCEA7C22A1353B00888E89 /* CarsalesTests.xctest */,
			);
			name = Products;
			sourceTree = "<group>";
		};
		1FCCEA6A22A1353A00888E89 /* Carsales */ = {
			isa = PBXGroup;
			children = (
				1FCCEA8D22A135C800888E89 /* Model */,
				1FCCEA8C22A135C200888E89 /* View */,
				1FCCEA8B22A135B900888E89 /* ViewModel */,
				1F50289022A27AFE00D3D77C /* Helper */,
				1FCCEA9422A13FB100888E89 /* NetworkCalls */,
				1FCCEA6B22A1353A00888E89 /* AppDelegate.swift */,
				1FCCEA7222A1353B00888E89 /* Assets.xcassets */,
				1FCCEA7422A1353B00888E89 /* LaunchScreen.storyboard */,
				1FCCEA7722A1353B00888E89 /* Info.plist */,
			);
			path = Carsales;
			sourceTree = "<group>";
		};
		1FCCEA7F22A1353B00888E89 /* CarsalesTests */ = {
			isa = PBXGroup;
			children = (
				1FCCEA8022A1353B00888E89 /* CarsalesTests.swift */,
				1F50288522A2458700D3D77C /* CarsListViewModelTests.swift */,
				1FCCEA8222A1353B00888E89 /* Info.plist */,
			);
			path = CarsalesTests;
			sourceTree = "<group>";
		};
		1FCCEA8B22A135B900888E89 /* ViewModel */ = {
			isa = PBXGroup;
			children = (
				1FCCEA9222A1382D00888E89 /* CarsListViewModel.swift */,
				1F50288C22A274B500D3D77C /* CarDetailsViewModel.swift */,
			);
			path = ViewModel;
			sourceTree = "<group>";
		};
		1FCCEA8C22A135C200888E89 /* View */ = {
			isa = PBXGroup;
			children = (
				1FCCEA6F22A1353A00888E89 /* Main.storyboard */,
				1FCCEA9922A1415000888E89 /* CarsList */,
				1FCCEA9A22A1415900888E89 /* CarDetail */,
			);
			path = View;
			sourceTree = "<group>";
		};
		1FCCEA8D22A135C800888E89 /* Model */ = {
			isa = PBXGroup;
			children = (
				1FCCEA9022A1370700888E89 /* Constants.swift */,
				1FCCEA9722A1401300888E89 /* CarsListModel.swift */,
				1F50288E22A2761100D3D77C /* CarDetailsModel.swift */,
			);
			path = Model;
			sourceTree = "<group>";
		};
		1FCCEA9422A13FB100888E89 /* NetworkCalls */ = {
			isa = PBXGroup;
			children = (
				1FCCEA9522A13FD500888E89 /* APIHandler.swift */,
				1FCCEA9F22A164F800888E89 /* ImageHandler.swift */,
			);
			path = NetworkCalls;
			sourceTree = "<group>";
		};
		1FCCEA9922A1415000888E89 /* CarsList */ = {
			isa = PBXGroup;
			children = (
				1FCCEA8E22A1361F00888E89 /* CarsListViewController.swift */,
				1FCCEA9B22A1418900888E89 /* CarsListCollectionViewCell.swift */,
				1FCCEA9C22A1418900888E89 /* CarsListCollectionViewCell.xib */,
			);
			path = CarsList;
			sourceTree = "<group>";
		};
		1FCCEA9A22A1415900888E89 /* CarDetail */ = {
			isa = PBXGroup;
			children = (
				1F50288A22A272FB00D3D77C /* CarDetailsViewController.swift */,
			);
			path = CarDetail;
			sourceTree = "<group>";
		};
		A04C244E6C83021F6A4960BD /* Pods */ = {
			isa = PBXGroup;
			children = (
				1F24C7DAB810AE6B55A5AB3B /* Pods-Carsales.debug.xcconfig */,
				F997A76E3F23F5642D8006BF /* Pods-Carsales.release.xcconfig */,
				A1E05FB1AB21CF385053299E /* Pods-CarsalesTests.debug.xcconfig */,
				7E5BBA4B511FB90AD39DFFCA /* Pods-CarsalesTests.release.xcconfig */,
			);
			name = Pods;
			sourceTree = "<group>";
		};
/* End PBXGroup section */

/* Begin PBXNativeTarget section */
		1FCCEA6722A1353A00888E89 /* Carsales */ = {
			isa = PBXNativeTarget;
			buildConfigurationList = 1FCCEA8522A1353B00888E89 /* Build configuration list for PBXNativeTarget "Carsales" */;
			buildPhases = (
				47327AC318C39CBD5BA5AC93 /* [CP] Check Pods Manifest.lock */,
				1FCCEA6422A1353A00888E89 /* Sources */,
				1FCCEA6522A1353A00888E89 /* Frameworks */,
				1FCCEA6622A1353A00888E89 /* Resources */,
				4E9AD2D9EECFE3ECB2E3DBF6 /* [CP] Embed Pods Frameworks */,
			);
			buildRules = (
			);
			dependencies = (
			);
			name = Carsales;
			productName = Carsales;
			productReference = 1FCCEA6822A1353A00888E89 /* Carsales.app */;
			productType = "com.apple.product-type.application";
		};
		1FCCEA7B22A1353B00888E89 /* CarsalesTests */ = {
			isa = PBXNativeTarget;
			buildConfigurationList = 1FCCEA8822A1353B00888E89 /* Build configuration list for PBXNativeTarget "CarsalesTests" */;
			buildPhases = (
				910A0784A1557278E39265F1 /* [CP] Check Pods Manifest.lock */,
				1FCCEA7822A1353B00888E89 /* Sources */,
				1FCCEA7922A1353B00888E89 /* Frameworks */,
				1FCCEA7A22A1353B00888E89 /* Resources */,
			);
			buildRules = (
			);
			dependencies = (
				1FCCEA7E22A1353B00888E89 /* PBXTargetDependency */,
			);
			name = CarsalesTests;
			productName = CarsalesTests;
			productReference = 1FCCEA7C22A1353B00888E89 /* CarsalesTests.xctest */;
			productType = "com.apple.product-type.bundle.unit-test";
		};
/* End PBXNativeTarget section */

/* Begin PBXProject section */
		1FCCEA6022A1353A00888E89 /* Project object */ = {
			isa = PBXProject;
			attributes = {
				LastSwiftUpdateCheck = 1010;
				LastUpgradeCheck = 1010;
				ORGANIZATIONNAME = "Nikitha T";
				TargetAttributes = {
					1FCCEA6722A1353A00888E89 = {
						CreatedOnToolsVersion = 10.1;
					};
					1FCCEA7B22A1353B00888E89 = {
						CreatedOnToolsVersion = 10.1;
						TestTargetID = 1FCCEA6722A1353A00888E89;
					};
				};
			};
			buildConfigurationList = 1FCCEA6322A1353A00888E89 /* Build configuration list for PBXProject "Carsales" */;
			compatibilityVersion = "Xcode 9.3";
			developmentRegion = en;
			hasScannedForEncodings = 0;
			knownRegions = (
				en,
				Base,
			);
			mainGroup = 1FCCEA5F22A1353A00888E89;
			productRefGroup = 1FCCEA6922A1353A00888E89 /* Products */;
			projectDirPath = "";
			projectRoot = "";
			targets = (
				1FCCEA6722A1353A00888E89 /* Carsales */,
				1FCCEA7B22A1353B00888E89 /* CarsalesTests */,
			);
		};
/* End PBXProject section */

/* Begin PBXResourcesBuildPhase section */
		1FCCEA6622A1353A00888E89 /* Resources */ = {
			isa = PBXResourcesBuildPhase;
			buildActionMask = 2147483647;
			files = (
				1FCCEA7622A1353B00888E89 /* LaunchScreen.storyboard in Resources */,
				1FCCEA7322A1353B00888E89 /* Assets.xcassets in Resources */,
				1FCCEA7122A1353A00888E89 /* Main.storyboard in Resources */,
				1FCCEA9E22A1418900888E89 /* CarsListCollectionViewCell.xib in Resources */,
			);
			runOnlyForDeploymentPostprocessing = 0;
		};
		1FCCEA7A22A1353B00888E89 /* Resources */ = {
			isa = PBXResourcesBuildPhase;
			buildActionMask = 2147483647;
			files = (
			);
			runOnlyForDeploymentPostprocessing = 0;
		};
/* End PBXResourcesBuildPhase section */

/* Begin PBXShellScriptBuildPhase section */
		47327AC318C39CBD5BA5AC93 /* [CP] Check Pods Manifest.lock */ = {
			isa = PBXShellScriptBuildPhase;
			buildActionMask = 2147483647;
			files = (
			);
			inputFileListPaths = (
			);
			inputPaths = (
				"${PODS_PODFILE_DIR_PATH}/Podfile.lock",
				"${PODS_ROOT}/Manifest.lock",
			);
			name = "[CP] Check Pods Manifest.lock";
			outputFileListPaths = (
			);
			outputPaths = (
				"$(DERIVED_FILE_DIR)/Pods-Carsales-checkManifestLockResult.txt",
			);
			runOnlyForDeploymentPostprocessing = 0;
			shellPath = /bin/sh;
			shellScript = "diff \"${PODS_PODFILE_DIR_PATH}/Podfile.lock\" \"${PODS_ROOT}/Manifest.lock\" > /dev/null\nif [ $? != 0 ] ; then\n    # print error to STDERR\n    echo \"error: The sandbox is not in sync with the Podfile.lock. Run 'pod install' or update your CocoaPods installation.\" >&2\n    exit 1\nfi\n# This output is used by Xcode 'outputs' to avoid re-running this script phase.\necho \"SUCCESS\" > \"${SCRIPT_OUTPUT_FILE_0}\"\n";
			showEnvVarsInLog = 0;
		};
		4E9AD2D9EECFE3ECB2E3DBF6 /* [CP] Embed Pods Frameworks */ = {
			isa = PBXShellScriptBuildPhase;
			buildActionMask = 2147483647;
			files = (
			);
			inputFileListPaths = (
			);
			inputPaths = (
				"${SRCROOT}/Pods/Target Support Files/Pods-Carsales/Pods-Carsales-frameworks.sh",
				"${BUILT_PRODUCTS_DIR}/Alamofire/Alamofire.framework",
				"${BUILT_PRODUCTS_DIR}/AlamofireImage/AlamofireImage.framework",
			);
			name = "[CP] Embed Pods Frameworks";
			outputFileListPaths = (
			);
			outputPaths = (
				"${TARGET_BUILD_DIR}/${FRAMEWORKS_FOLDER_PATH}/Alamofire.framework",
				"${TARGET_BUILD_DIR}/${FRAMEWORKS_FOLDER_PATH}/AlamofireImage.framework",
			);
			runOnlyForDeploymentPostprocessing = 0;
			shellPath = /bin/sh;
			shellScript = "\"${SRCROOT}/Pods/Target Support Files/Pods-Carsales/Pods-Carsales-frameworks.sh\"\n";
			showEnvVarsInLog = 0;
		};
		910A0784A1557278E39265F1 /* [CP] Check Pods Manifest.lock */ = {
			isa = PBXShellScriptBuildPhase;
			buildActionMask = 2147483647;
			files = (
			);
			inputFileListPaths = (
			);
			inputPaths = (
				"${PODS_PODFILE_DIR_PATH}/Podfile.lock",
				"${PODS_ROOT}/Manifest.lock",
			);
			name = "[CP] Check Pods Manifest.lock";
			outputFileListPaths = (
			);
			outputPaths = (
				"$(DERIVED_FILE_DIR)/Pods-CarsalesTests-checkManifestLockResult.txt",
			);
			runOnlyForDeploymentPostprocessing = 0;
			shellPath = /bin/sh;
			shellScript = "diff \"${PODS_PODFILE_DIR_PATH}/Podfile.lock\" \"${PODS_ROOT}/Manifest.lock\" > /dev/null\nif [ $? != 0 ] ; then\n    # print error to STDERR\n    echo \"error: The sandbox is not in sync with the Podfile.lock. Run 'pod install' or update your CocoaPods installation.\" >&2\n    exit 1\nfi\n# This output is used by Xcode 'outputs' to avoid re-running this script phase.\necho \"SUCCESS\" > \"${SCRIPT_OUTPUT_FILE_0}\"\n";
			showEnvVarsInLog = 0;
		};
/* End PBXShellScriptBuildPhase section */

/* Begin PBXSourcesBuildPhase section */
		1FCCEA6422A1353A00888E89 /* Sources */ = {
			isa = PBXSourcesBuildPhase;
			buildActionMask = 2147483647;
			files = (
				1F50288D22A274B500D3D77C /* CarDetailsViewModel.swift in Sources */,
				1FCCEA9822A1401300888E89 /* CarsListModel.swift in Sources */,
				1FCCEA8F22A1361F00888E89 /* CarsListViewController.swift in Sources */,
				1F50288B22A272FB00D3D77C /* CarDetailsViewController.swift in Sources */,
				1FCCEA6C22A1353A00888E89 /* AppDelegate.swift in Sources */,
				1FCCEA9622A13FD500888E89 /* APIHandler.swift in Sources */,
				1FCCEA9122A1370700888E89 /* Constants.swift in Sources */,
				1FCCEA9D22A1418900888E89 /* CarsListCollectionViewCell.swift in Sources */,
				1F50288F22A2761100D3D77C /* CarDetailsModel.swift in Sources */,
				1FCCEAA022A164F800888E89 /* ImageHandler.swift in Sources */,
				1FCCEA9322A1382D00888E89 /* CarsListViewModel.swift in Sources */,
				1F50289222A27B1700D3D77C /* Helper.swift in Sources */,
			);
			runOnlyForDeploymentPostprocessing = 0;
		};
		1FCCEA7822A1353B00888E89 /* Sources */ = {
			isa = PBXSourcesBuildPhase;
			buildActionMask = 2147483647;
			files = (
				1FCCEA8122A1353B00888E89 /* CarsalesTests.swift in Sources */,
				1F50288622A2458700D3D77C /* CarsListViewModelTests.swift in Sources */,
			);
			runOnlyForDeploymentPostprocessing = 0;
		};
/* End PBXSourcesBuildPhase section */

/* Begin PBXTargetDependency section */
		1FCCEA7E22A1353B00888E89 /* PBXTargetDependency */ = {
			isa = PBXTargetDependency;
			target = 1FCCEA6722A1353A00888E89 /* Carsales */;
			targetProxy = 1FCCEA7D22A1353B00888E89 /* PBXContainerItemProxy */;
		};
/* End PBXTargetDependency section */

/* Begin PBXVariantGroup section */
		1FCCEA6F22A1353A00888E89 /* Main.storyboard */ = {
			isa = PBXVariantGroup;
			children = (
				1FCCEA7022A1353A00888E89 /* Base */,
			);
			name = Main.storyboard;
			sourceTree = "<group>";
		};
		1FCCEA7422A1353B00888E89 /* LaunchScreen.storyboard */ = {
			isa = PBXVariantGroup;
			children = (
				1FCCEA7522A1353B00888E89 /* Base */,
			);
			name = LaunchScreen.storyboard;
			sourceTree = "<group>";
		};
/* End PBXVariantGroup section */

/* Begin XCBuildConfiguration section */
		1FCCEA8322A1353B00888E89 /* Debug */ = {
			isa = XCBuildConfiguration;
			buildSettings = {
				ALWAYS_SEARCH_USER_PATHS = NO;
				CLANG_ANALYZER_NONNULL = YES;
				CLANG_ANALYZER_NUMBER_OBJECT_CONVERSION = YES_AGGRESSIVE;
				CLANG_CXX_LANGUAGE_STANDARD = "gnu++14";
				CLANG_CXX_LIBRARY = "libc++";
				CLANG_ENABLE_MODULES = YES;
				CLANG_ENABLE_OBJC_ARC = YES;
				CLANG_ENABLE_OBJC_WEAK = YES;
				CLANG_WARN_BLOCK_CAPTURE_AUTORELEASING = YES;
				CLANG_WARN_BOOL_CONVERSION = YES;
				CLANG_WARN_COMMA = YES;
				CLANG_WARN_CONSTANT_CONVERSION = YES;
				CLANG_WARN_DEPRECATED_OBJC_IMPLEMENTATIONS = YES;
				CLANG_WARN_DIRECT_OBJC_ISA_USAGE = YES_ERROR;
				CLANG_WARN_DOCUMENTATION_COMMENTS = YES;
				CLANG_WARN_EMPTY_BODY = YES;
				CLANG_WARN_ENUM_CONVERSION = YES;
				CLANG_WARN_INFINITE_RECURSION = YES;
				CLANG_WARN_INT_CONVERSION = YES;
				CLANG_WARN_NON_LITERAL_NULL_CONVERSION = YES;
				CLANG_WARN_OBJC_IMPLICIT_RETAIN_SELF = YES;
				CLANG_WARN_OBJC_LITERAL_CONVERSION = YES;
				CLANG_WARN_OBJC_ROOT_CLASS = YES_ERROR;
				CLANG_WARN_RANGE_LOOP_ANALYSIS = YES;
				CLANG_WARN_STRICT_PROTOTYPES = YES;
				CLANG_WARN_SUSPICIOUS_MOVE = YES;
				CLANG_WARN_UNGUARDED_AVAILABILITY = YES_AGGRESSIVE;
				CLANG_WARN_UNREACHABLE_CODE = YES;
				CLANG_WARN__DUPLICATE_METHOD_MATCH = YES;
				CODE_SIGN_IDENTITY = "iPhone Developer";
				COPY_PHASE_STRIP = NO;
				DEBUG_INFORMATION_FORMAT = dwarf;
				ENABLE_STRICT_OBJC_MSGSEND = YES;
				ENABLE_TESTABILITY = YES;
				GCC_C_LANGUAGE_STANDARD = gnu11;
				GCC_DYNAMIC_NO_PIC = NO;
				GCC_NO_COMMON_BLOCKS = YES;
				GCC_OPTIMIZATION_LEVEL = 0;
				GCC_PREPROCESSOR_DEFINITIONS = (
					"DEBUG=1",
					"$(inherited)",
				);
				GCC_WARN_64_TO_32_BIT_CONVERSION = YES;
				GCC_WARN_ABOUT_RETURN_TYPE = YES_ERROR;
				GCC_WARN_UNDECLARED_SELECTOR = YES;
				GCC_WARN_UNINITIALIZED_AUTOS = YES_AGGRESSIVE;
				GCC_WARN_UNUSED_FUNCTION = YES;
				GCC_WARN_UNUSED_VARIABLE = YES;
				IPHONEOS_DEPLOYMENT_TARGET = 12.1;
				MTL_ENABLE_DEBUG_INFO = INCLUDE_SOURCE;
				MTL_FAST_MATH = YES;
				ONLY_ACTIVE_ARCH = YES;
				SDKROOT = iphoneos;
				SWIFT_ACTIVE_COMPILATION_CONDITIONS = DEBUG;
				SWIFT_OPTIMIZATION_LEVEL = "-Onone";
			};
			name = Debug;
		};
		1FCCEA8422A1353B00888E89 /* Release */ = {
			isa = XCBuildConfiguration;
			buildSettings = {
				ALWAYS_SEARCH_USER_PATHS = NO;
				CLANG_ANALYZER_NONNULL = YES;
				CLANG_ANALYZER_NUMBER_OBJECT_CONVERSION = YES_AGGRESSIVE;
				CLANG_CXX_LANGUAGE_STANDARD = "gnu++14";
				CLANG_CXX_LIBRARY = "libc++";
				CLANG_ENABLE_MODULES = YES;
				CLANG_ENABLE_OBJC_ARC = YES;
				CLANG_ENABLE_OBJC_WEAK = YES;
				CLANG_WARN_BLOCK_CAPTURE_AUTORELEASING = YES;
				CLANG_WARN_BOOL_CONVERSION = YES;
				CLANG_WARN_COMMA = YES;
				CLANG_WARN_CONSTANT_CONVERSION = YES;
				CLANG_WARN_DEPRECATED_OBJC_IMPLEMENTATIONS = YES;
				CLANG_WARN_DIRECT_OBJC_ISA_USAGE = YES_ERROR;
				CLANG_WARN_DOCUMENTATION_COMMENTS = YES;
				CLANG_WARN_EMPTY_BODY = YES;
				CLANG_WARN_ENUM_CONVERSION = YES;
				CLANG_WARN_INFINITE_RECURSION = YES;
				CLANG_WARN_INT_CONVERSION = YES;
				CLANG_WARN_NON_LITERAL_NULL_CONVERSION = YES;
				CLANG_WARN_OBJC_IMPLICIT_RETAIN_SELF = YES;
				CLANG_WARN_OBJC_LITERAL_CONVERSION = YES;
				CLANG_WARN_OBJC_ROOT_CLASS = YES_ERROR;
				CLANG_WARN_RANGE_LOOP_ANALYSIS = YES;
				CLANG_WARN_STRICT_PROTOTYPES = YES;
				CLANG_WARN_SUSPICIOUS_MOVE = YES;
				CLANG_WARN_UNGUARDED_AVAILABILITY = YES_AGGRESSIVE;
				CLANG_WARN_UNREACHABLE_CODE = YES;
				CLANG_WARN__DUPLICATE_METHOD_MATCH = YES;
				CODE_SIGN_IDENTITY = "iPhone Developer";
				COPY_PHASE_STRIP = NO;
				DEBUG_INFORMATION_FORMAT = "dwarf-with-dsym";
				ENABLE_NS_ASSERTIONS = NO;
				ENABLE_STRICT_OBJC_MSGSEND = YES;
				GCC_C_LANGUAGE_STANDARD = gnu11;
				GCC_NO_COMMON_BLOCKS = YES;
				GCC_WARN_64_TO_32_BIT_CONVERSION = YES;
				GCC_WARN_ABOUT_RETURN_TYPE = YES_ERROR;
				GCC_WARN_UNDECLARED_SELECTOR = YES;
				GCC_WARN_UNINITIALIZED_AUTOS = YES_AGGRESSIVE;
				GCC_WARN_UNUSED_FUNCTION = YES;
				GCC_WARN_UNUSED_VARIABLE = YES;
				IPHONEOS_DEPLOYMENT_TARGET = 12.1;
				MTL_ENABLE_DEBUG_INFO = NO;
				MTL_FAST_MATH = YES;
				SDKROOT = iphoneos;
				SWIFT_COMPILATION_MODE = wholemodule;
				SWIFT_OPTIMIZATION_LEVEL = "-O";
				VALIDATE_PRODUCT = YES;
			};
			name = Release;
		};
		1FCCEA8622A1353B00888E89 /* Debug */ = {
			isa = XCBuildConfiguration;
			baseConfigurationReference = 1F24C7DAB810AE6B55A5AB3B /* Pods-Carsales.debug.xcconfig */;
			buildSettings = {
				ASSETCATALOG_COMPILER_APPICON_NAME = AppIcon;
				CODE_SIGN_STYLE = Automatic;
				INFOPLIST_FILE = Carsales/Info.plist;
				LD_RUNPATH_SEARCH_PATHS = (
					"$(inherited)",
					"@executable_path/Frameworks",
				);
				PRODUCT_BUNDLE_IDENTIFIER = com.example.Carsales;
				PRODUCT_NAME = "$(TARGET_NAME)";
				SWIFT_VERSION = 4.2;
				TARGETED_DEVICE_FAMILY = "1,2";
			};
			name = Debug;
		};
		1FCCEA8722A1353B00888E89 /* Release */ = {
			isa = XCBuildConfiguration;
			baseConfigurationReference = F997A76E3F23F5642D8006BF /* Pods-Carsales.release.xcconfig */;
			buildSettings = {
				ASSETCATALOG_COMPILER_APPICON_NAME = AppIcon;
				CODE_SIGN_STYLE = Automatic;
				INFOPLIST_FILE = Carsales/Info.plist;
				LD_RUNPATH_SEARCH_PATHS = (
					"$(inherited)",
					"@executable_path/Frameworks",
				);
				PRODUCT_BUNDLE_IDENTIFIER = com.example.Carsales;
				PRODUCT_NAME = "$(TARGET_NAME)";
				SWIFT_VERSION = 4.2;
				TARGETED_DEVICE_FAMILY = "1,2";
			};
			name = Release;
		};
		1FCCEA8922A1353B00888E89 /* Debug */ = {
			isa = XCBuildConfiguration;
			baseConfigurationReference = A1E05FB1AB21CF385053299E /* Pods-CarsalesTests.debug.xcconfig */;
			buildSettings = {
				ALWAYS_EMBED_SWIFT_STANDARD_LIBRARIES = YES;
				BUNDLE_LOADER = "$(TEST_HOST)";
				CODE_SIGN_STYLE = Automatic;
				INFOPLIST_FILE = CarsalesTests/Info.plist;
				LD_RUNPATH_SEARCH_PATHS = (
					"$(inherited)",
					"@executable_path/Frameworks",
					"@loader_path/Frameworks",
				);
				PRODUCT_BUNDLE_IDENTIFIER = com.example.CarsalesTests;
				PRODUCT_NAME = "$(TARGET_NAME)";
				SWIFT_VERSION = 4.2;
				TARGETED_DEVICE_FAMILY = "1,2";
				TEST_HOST = "$(BUILT_PRODUCTS_DIR)/Carsales.app/Carsales";
			};
			name = Debug;
		};
		1FCCEA8A22A1353B00888E89 /* Release */ = {
			isa = XCBuildConfiguration;
			baseConfigurationReference = 7E5BBA4B511FB90AD39DFFCA /* Pods-CarsalesTests.release.xcconfig */;
			buildSettings = {
				ALWAYS_EMBED_SWIFT_STANDARD_LIBRARIES = YES;
				BUNDLE_LOADER = "$(TEST_HOST)";
				CODE_SIGN_STYLE = Automatic;
				INFOPLIST_FILE = CarsalesTests/Info.plist;
				LD_RUNPATH_SEARCH_PATHS = (
					"$(inherited)",
					"@executable_path/Frameworks",
					"@loader_path/Frameworks",
				);
				PRODUCT_BUNDLE_IDENTIFIER = com.example.CarsalesTests;
				PRODUCT_NAME = "$(TARGET_NAME)";
				SWIFT_VERSION = 4.2;
				TARGETED_DEVICE_FAMILY = "1,2";
				TEST_HOST = "$(BUILT_PRODUCTS_DIR)/Carsales.app/Carsales";
			};
			name = Release;
		};
/* End XCBuildConfiguration section */

/* Begin XCConfigurationList section */
		1FCCEA6322A1353A00888E89 /* Build configuration list for PBXProject "Carsales" */ = {
			isa = XCConfigurationList;
			buildConfigurations = (
				1FCCEA8322A1353B00888E89 /* Debug */,
				1FCCEA8422A1353B00888E89 /* Release */,
			);
			defaultConfigurationIsVisible = 0;
			defaultConfigurationName = Release;
		};
		1FCCEA8522A1353B00888E89 /* Build configuration list for PBXNativeTarget "Carsales" */ = {
			isa = XCConfigurationList;
			buildConfigurations = (
				1FCCEA8622A1353B00888E89 /* Debug */,
				1FCCEA8722A1353B00888E89 /* Release */,
			);
			defaultConfigurationIsVisible = 0;
			defaultConfigurationName = Release;
		};
		1FCCEA8822A1353B00888E89 /* Build configuration list for PBXNativeTarget "CarsalesTests" */ = {
			isa = XCConfigurationList;
			buildConfigurations = (
				1FCCEA8922A1353B00888E89 /* Debug */,
				1FCCEA8A22A1353B00888E89 /* Release */,
			);
			defaultConfigurationIsVisible = 0;
			defaultConfigurationName = Release;
		};
/* End XCConfigurationList section */
	};
	rootObject = 1FCCEA6022A1353A00888E89 /* Project object */;
}
